
Microsoft Visual Studio Solution File, Format Version 12.00
# Visual Studio 2012
Project("{FAE04EC0-301F-11D3-BF4B-00C04F79EFBC}") = "NewsFeedApplication", "NewsFeedApplication\NewsFeedApplication.csproj", "{DBE52F21-2690-4B66-BC15-861885F631C4}"
EndProject
Project("{FAE04EC0-301F-11D3-BF4B-00C04F79EFBC}") = "NewsFeedServices", "NewsFeedServices\NewsFeedServices.csproj", "{2B165CE5-C24B-4EBD-A28C-36B4D201F03E}"
EndProject
Global
	GlobalSection(SolutionConfigurationPlatforms) = preSolution
		Debug|Any CPU = Debug|Any CPU
		Release|Any CPU = Release|Any CPU
	EndGlobalSection
	GlobalSection(ProjectConfigurationPlatforms) = postSolution
		{DBE52F21-2690-4B66-BC15-861885F631C4}.Debug|Any CPU.ActiveCfg = Debug|Any CPU
		{DBE52F21-2690-4B66-BC15-861885F631C4}.Debug|Any CPU.Build.0 = Debug|Any CPU
		{DBE52F21-2690-4B66-BC15-861885F631C4}.Release|Any CPU.ActiveCfg = Release|Any CPU
		{DBE52F21-2690-4B66-BC15-861885F631C4}.Release|Any CPU.Build.0 = Release|Any CPU
		{2B165CE5-C24B-4EBD-A28C-36B4D201F03E}.Debug|Any CPU.ActiveCfg = Debug|Any CPU
		{2B165CE5-C24B-4EBD-A28C-36B4D201F03E}.Debug|Any CPU.Build.0 = Debug|Any CPU
		{2B165CE5-C24B-4EBD-A28C-36B4D201F03E}.Release|Any CPU.ActiveCfg = Release|Any CPU
		{2B165CE5-C24B-4EBD-A28C-36B4D201F03E}.Release|Any CPU.Build.0 = Release|Any CPU
	EndGlobalSection
	GlobalSection(SolutionProperties) = preSolution
		HideSolutionNode = FALSE
	EndGlobalSection
EndGlobal
